
Microsoft Visual Studio Solution File, Format Version 12.00
# Visual Studio Version 17
VisualStudioVersion = 17.11.35312.102
MinimumVisualStudioVersion = 10.0.40219.1
Project("{FAE04EC0-301F-11D3-BF4B-00C04F79EFBC}") = "DataAggregator.Core", "DataAggregator.Core\DataAggregator.Core.csproj", "{F96A99FC-9D2C-4D8C-9924-F271483023EA}"
EndProject
Project("{FAE04EC0-301F-11D3-BF4B-00C04F79EFBC}") = "DataAggregator.Infrastructure", "DataAggregator.Infrastructure\DataAggregator.Infrastructure.csproj", "{7EF3742F-8A55-4DEE-B221-FE4510AF6D1D}"
EndProject
Project("{FAE04EC0-301F-11D3-BF4B-00C04F79EFBC}") = "DataProvider.API", "DataProvider.API\DataProvider.API.csproj", "{379ACC60-CD56-463D-8984-67ABEC958EB5}"
EndProject
Global
	GlobalSection(SolutionConfigurationPlatforms) = preSolution
		Debug|Any CPU = Debug|Any CPU
		Release|Any CPU = Release|Any CPU
	EndGlobalSection
	GlobalSection(ProjectConfigurationPlatforms) = postSolution
		{F96A99FC-9D2C-4D8C-9924-F271483023EA}.Debug|Any CPU.ActiveCfg = Debug|Any CPU
		{F96A99FC-9D2C-4D8C-9924-F271483023EA}.Debug|Any CPU.Build.0 = Debug|Any CPU
		{F96A99FC-9D2C-4D8C-9924-F271483023EA}.Release|Any CPU.ActiveCfg = Release|Any CPU
		{F96A99FC-9D2C-4D8C-9924-F271483023EA}.Release|Any CPU.Build.0 = Release|Any CPU
		{7EF3742F-8A55-4DEE-B221-FE4510AF6D1D}.Debug|Any CPU.ActiveCfg = Debug|Any CPU
		{7EF3742F-8A55-4DEE-B221-FE4510AF6D1D}.Debug|Any CPU.Build.0 = Debug|Any CPU
		{7EF3742F-8A55-4DEE-B221-FE4510AF6D1D}.Release|Any CPU.ActiveCfg = Release|Any CPU
		{7EF3742F-8A55-4DEE-B221-FE4510AF6D1D}.Release|Any CPU.Build.0 = Release|Any CPU
		{379ACC60-CD56-463D-8984-67ABEC958EB5}.Debug|Any CPU.ActiveCfg = Debug|Any CPU
		{379ACC60-CD56-463D-8984-67ABEC958EB5}.Debug|Any CPU.Build.0 = Debug|Any CPU
		{379ACC60-CD56-463D-8984-67ABEC958EB5}.Release|Any CPU.ActiveCfg = Release|Any CPU
		{379ACC60-CD56-463D-8984-67ABEC958EB5}.Release|Any CPU.Build.0 = Release|Any CPU
	EndGlobalSection
	GlobalSection(SolutionProperties) = preSolution
		HideSolutionNode = FALSE
	EndGlobalSection
	GlobalSection(ExtensibilityGlobals) = postSolution
		SolutionGuid = {A7E688D4-C131-447E-8DED-6C8D7A1E1B9B}
	EndGlobalSection
EndGlobal
